# THIS IS AN AUTOGENERATED FILE. DO NOT EDIT THIS FILE DIRECTLY.
# yarn lockfile v1


accepts@~1.3.4:
  version "1.3.5"
  resolved "http://nexus-server-01.ol.epicgames.net:8081/nexus/content/groups/npm-all/accepts/-/accepts-1.3.5.tgz#eb777df6011723a3b14e8a72c0805c8e86746bd2"
  dependencies:
    mime-types "~2.1.18"
    negotiator "0.6.1"

acorn@^1.0.3:
  version "1.2.2"
  resolved "http://nexus-server-01.ol.epicgames.net:8081/nexus/content/groups/npm-all/acorn/-/acorn-1.2.2.tgz#c8ce27de0acc76d896d2b1fad3df588d9e82f014"

after@0.8.2:
  version "0.8.2"
  resolved "http://nexus-server-01.ol.epicgames.net:8081/nexus/content/groups/npm-all/after/-/after-0.8.2.tgz#fedb394f9f0e02aa9768e702bda23b505fae7e1f"

ajv@^5.1.0:
  version "5.5.2"
  resolved "http://nexus-server-01.ol.epicgames.net:8081/nexus/content/groups/npm-all/ajv/-/ajv-5.5.2.tgz#73b5eeca3fab653e3d3f9422b341ad42205dc965"
  dependencies:
    co "^4.6.0"
    fast-deep-equal "^1.0.0"
    fast-json-stable-stringify "^2.0.0"
    json-schema-traverse "^0.3.0"

argparse@^1.0.7:
  version "1.0.10"
  resolved "http://nexus-server-01.ol.epicgames.net:8081/nexus/content/groups/npm-all/argparse/-/argparse-1.0.10.tgz#bcd6791ea5ae09725e17e5ad988134cd40b3d911"
  dependencies:
    sprintf-js "~1.0.2"

arraybuffer.slice@~0.0.7:
  version "0.0.7"
  resolved "http://nexus-server-01.ol.epicgames.net:8081/nexus/content/groups/npm-all/arraybuffer.slice/-/arraybuffer.slice-0.0.7.tgz#3bbc4275dd584cc1b10809b89d4e8b63a69e7675"

asn1@~0.2.3:
  version "0.2.3"
  resolved "http://nexus-server-01.ol.epicgames.net:8081/nexus/content/groups/npm-all/asn1/-/asn1-0.2.3.tgz#dac8787713c9966849fc8180777ebe9c1ddf3b86"

assert-plus@1.0.0, assert-plus@^1.0.0:
  version "1.0.0"
  resolved "http://nexus-server-01.ol.epicgames.net:8081/nexus/content/groups/npm-all/assert-plus/-/assert-plus-1.0.0.tgz#f12e0f3c5d77b0b1cdd9146942e4e96c1e4dd525"

async-limiter@~1.0.0:
  version "1.0.0"
  resolved "http://nexus-server-01.ol.epicgames.net:8081/nexus/content/groups/npm-all/async-limiter/-/async-limiter-1.0.0.tgz#78faed8c3d074ab81f22b4e985d79e8738f720f8"

async@*:
  version "2.6.0"
  resolved "http://nexus-server-01.ol.epicgames.net:8081/nexus/content/groups/npm-all/async/-/async-2.6.0.tgz#61a29abb6fcc026fea77e56d1c6ec53a795951f4"
  dependencies:
    lodash "^4.14.0"

asynckit@^0.4.0:
  version "0.4.0"
  resolved "http://nexus-server-01.ol.epicgames.net:8081/nexus/content/groups/npm-all/asynckit/-/asynckit-0.4.0.tgz#c79ed97f7f34cb8f2ba1bc9790bcc366474b4b79"

aws-sign2@~0.7.0:
  version "0.7.0"
  resolved "http://nexus-server-01.ol.epicgames.net:8081/nexus/content/groups/npm-all/aws-sign2/-/aws-sign2-0.7.0.tgz#b46e890934a9591f2d2f6f86d7e6a9f1b3fe76a8"

aws4@^1.6.0:
  version "1.6.0"
  resolved "http://nexus-server-01.ol.epicgames.net:8081/nexus/content/groups/npm-all/aws4/-/aws4-1.6.0.tgz#83ef5ca860b2b32e4a0deedee8c771b9db57471e"

backo2@1.0.2:
  version "1.0.2"
  resolved "http://nexus-server-01.ol.epicgames.net:8081/nexus/content/groups/npm-all/backo2/-/backo2-1.0.2.tgz#31ab1ac8b129363463e35b3ebb69f4dfcfba7947"

balanced-match@^1.0.0:
  version "1.0.0"
  resolved "http://nexus-server-01.ol.epicgames.net:8081/nexus/content/groups/npm-all/balanced-match/-/balanced-match-1.0.0.tgz#89b4d199ab2bee49de164ea02b89ce462d71b767"

base64-arraybuffer@0.1.5:
  version "0.1.5"
  resolved "http://nexus-server-01.ol.epicgames.net:8081/nexus/content/groups/npm-all/base64-arraybuffer/-/base64-arraybuffer-0.1.5.tgz#73926771923b5a19747ad666aa5cd4bf9c6e9ce8"

base64id@1.0.0:
  version "1.0.0"
  resolved "http://nexus-server-01.ol.epicgames.net:8081/nexus/content/groups/npm-all/base64id/-/base64id-1.0.0.tgz#47688cb99bb6804f0e06d3e763b1c32e57d8e6b6"

bcrypt-pbkdf@^1.0.0:
  version "1.0.1"
  resolved "http://nexus-server-01.ol.epicgames.net:8081/nexus/content/groups/npm-all/bcrypt-pbkdf/-/bcrypt-pbkdf-1.0.1.tgz#63bc5dcb61331b92bc05fd528953c33462a06f8d"
  dependencies:
    tweetnacl "^0.14.3"

better-assert@~1.0.0:
  version "1.0.2"
  resolved "http://nexus-server-01.ol.epicgames.net:8081/nexus/content/groups/npm-all/better-assert/-/better-assert-1.0.2.tgz#40866b9e1b9e0b55b481894311e68faffaebc522"
  dependencies:
    callsite "1.0.0"

bindings@1.2.x, bindings@~1.2.1:
  version "1.2.1"
  resolved "http://nexus-server-01.ol.epicgames.net:8081/nexus/content/groups/npm-all/bindings/-/bindings-1.2.1.tgz#14ad6113812d2d37d72e67b4cacb4bb726505f11"

blanket@*:
  version "1.2.3"
  resolved "http://nexus-server-01.ol.epicgames.net:8081/nexus/content/groups/npm-all/blanket/-/blanket-1.2.3.tgz#151b4987c3bd84552bb5f03b90ef5f7e5931e473"
  dependencies:
    acorn "^1.0.3"
    falafel "~1.2.0"
    foreach "^2.0.5"
    isarray "0.0.1"
    object-keys "^1.0.6"
    xtend "~4.0.0"

blob@0.0.4:
  version "0.0.4"
  resolved "http://nexus-server-01.ol.epicgames.net:8081/nexus/content/groups/npm-all/blob/-/blob-0.0.4.tgz#bcf13052ca54463f30f9fc7e95b9a47630a94921"

boom@4.x.x:
  version "4.3.1"
  resolved "http://nexus-server-01.ol.epicgames.net:8081/nexus/content/groups/npm-all/boom/-/boom-4.3.1.tgz#4f8a3005cb4a7e3889f749030fd25b96e01d2e31"
  dependencies:
    hoek "4.x.x"

boom@5.x.x:
  version "5.2.0"
  resolved "http://nexus-server-01.ol.epicgames.net:8081/nexus/content/groups/npm-all/boom/-/boom-5.2.0.tgz#5dd9da6ee3a5f302077436290cb717d3f4a54e02"
  dependencies:
    hoek "4.x.x"

brace-expansion@^1.1.7:
  version "1.1.11"
  resolved "http://nexus-server-01.ol.epicgames.net:8081/nexus/content/groups/npm-all/brace-expansion/-/brace-expansion-1.1.11.tgz#3c7fcbf529d87226f3d2f52b966ff5271eb441dd"
  dependencies:
    balanced-match "^1.0.0"
    concat-map "0.0.1"

browser-stdout@1.3.1:
  version "1.3.1"
  resolved "http://nexus-server-01.ol.epicgames.net:8081/nexus/content/groups/npm-all/browser-stdout/-/browser-stdout-1.3.1.tgz#baa559ee14ced73452229bad7326467c61fabd60"

bufferutil@1.2.x:
  version "1.2.1"
  resolved "http://nexus-server-01.ol.epicgames.net:8081/nexus/content/groups/npm-all/bufferutil/-/bufferutil-1.2.1.tgz#37be5d36e1e06492221e68d474b1ac58e510cbd7"
  dependencies:
    bindings "1.2.x"
    nan "^2.0.5"

callsite@1.0.0:
  version "1.0.0"
  resolved "http://nexus-server-01.ol.epicgames.net:8081/nexus/content/groups/npm-all/callsite/-/callsite-1.0.0.tgz#280398e5d664bd74038b6f0905153e6e8af1bc20"

caseless@~0.12.0:
  version "0.12.0"
  resolved "http://nexus-server-01.ol.epicgames.net:8081/nexus/content/groups/npm-all/caseless/-/caseless-0.12.0.tgz#1b681c21ff84033c826543090689420d187151dc"

co@^4.6.0:
  version "4.6.0"
  resolved "http://nexus-server-01.ol.epicgames.net:8081/nexus/content/groups/npm-all/co/-/co-4.6.0.tgz#6ea6bdf3d853ae54ccb8e47bfa0bf3f9031fb184"

combined-stream@1.0.6, combined-stream@~1.0.5:
  version "1.0.6"
  resolved "http://nexus-server-01.ol.epicgames.net:8081/nexus/content/groups/npm-all/combined-stream/-/combined-stream-1.0.6.tgz#723e7df6e801ac5613113a7e445a9b69cb632818"
  dependencies:
    delayed-stream "~1.0.0"

commander@2.11.0:
  version "2.11.0"
  resolved "http://nexus-server-01.ol.epicgames.net:8081/nexus/content/groups/npm-all/commander/-/commander-2.11.0.tgz#157152fd1e7a6c8d98a5b715cf376df928004563"

commander@~2.9.0:
  version "2.9.0"
  resolved "http://nexus-server-01.ol.epicgames.net:8081/nexus/content/groups/npm-all/commander/-/commander-2.9.0.tgz#9c99094176e12240cb22d6c5146098400fe0f7d4"
  dependencies:
    graceful-readlink ">= 1.0.0"

component-bind@1.0.0:
  version "1.0.0"
  resolved "http://nexus-server-01.ol.epicgames.net:8081/nexus/content/groups/npm-all/component-bind/-/component-bind-1.0.0.tgz#00c608ab7dcd93897c0009651b1d3a8e1e73bbd1"

component-emitter@1.2.1:
  version "1.2.1"
  resolved "http://nexus-server-01.ol.epicgames.net:8081/nexus/content/groups/npm-all/component-emitter/-/component-emitter-1.2.1.tgz#137918d6d78283f7df7a6b7c5a63e140e69425e6"

component-inherit@0.0.3:
  version "0.0.3"
  resolved "http://nexus-server-01.ol.epicgames.net:8081/nexus/content/groups/npm-all/component-inherit/-/component-inherit-0.0.3.tgz#645fc4adf58b72b649d5cae65135619db26ff143"

concat-map@0.0.1:
  version "0.0.1"
  resolved "http://nexus-server-01.ol.epicgames.net:8081/nexus/content/groups/npm-all/concat-map/-/concat-map-0.0.1.tgz#d8a96bd77fd68df7793a73036a3ba0d5405d477b"

cookie@0.3.1:
  version "0.3.1"
  resolved "http://nexus-server-01.ol.epicgames.net:8081/nexus/content/groups/npm-all/cookie/-/cookie-0.3.1.tgz#e7e0a1f9ef43b4c8ba925c5c5a96e806d16873bb"

core-util-is@1.0.2:
  version "1.0.2"
  resolved "http://nexus-server-01.ol.epicgames.net:8081/nexus/content/groups/npm-all/core-util-is/-/core-util-is-1.0.2.tgz#b5fd54220aa2bc5ab57aab7140c940754503c1a7"

coveralls@*:
  version "3.0.0"
  resolved "http://nexus-server-01.ol.epicgames.net:8081/nexus/content/groups/npm-all/coveralls/-/coveralls-3.0.0.tgz#22ef730330538080d29b8c151dc9146afde88a99"
  dependencies:
    js-yaml "^3.6.1"
    lcov-parse "^0.0.10"
    log-driver "^1.2.5"
    minimist "^1.2.0"
    request "^2.79.0"

cryptiles@3.x.x:
  version "3.1.2"
  resolved "http://nexus-server-01.ol.epicgames.net:8081/nexus/content/groups/npm-all/cryptiles/-/cryptiles-3.1.2.tgz#a89fbb220f5ce25ec56e8c4aa8a4fd7b5b0d29fe"
  dependencies:
    boom "5.x.x"

dashdash@^1.12.0:
  version "1.14.1"
  resolved "http://nexus-server-01.ol.epicgames.net:8081/nexus/content/groups/npm-all/dashdash/-/dashdash-1.14.1.tgz#853cfa0f7cbe2fed5de20326b8dd581035f6e2f0"
  dependencies:
    assert-plus "^1.0.0"

debug@3.1.0, debug@~3.1.0:
  version "3.1.0"
  resolved "http://nexus-server-01.ol.epicgames.net:8081/nexus/content/groups/npm-all/debug/-/debug-3.1.0.tgz#5bb5a0672628b64149566ba16819e61518c67261"
  dependencies:
    ms "2.0.0"

debug@~2.6.4, debug@~2.6.6:
  version "2.6.9"
  resolved "http://nexus-server-01.ol.epicgames.net:8081/nexus/content/groups/npm-all/debug/-/debug-2.6.9.tgz#5d128515df134ff327e90a4c93f4e077a536341f"
  dependencies:
    ms "2.0.0"

delayed-stream@~1.0.0:
  version "1.0.0"
  resolved "http://nexus-server-01.ol.epicgames.net:8081/nexus/content/groups/npm-all/delayed-stream/-/delayed-stream-1.0.0.tgz#df3ae199acadfb7d440aaae0b29e2272b24ec619"

diff@3.5.0:
  version "3.5.0"
  resolved "http://nexus-server-01.ol.epicgames.net:8081/nexus/content/groups/npm-all/diff/-/diff-3.5.0.tgz#800c0dd1e0a8bfbc95835c202ad220fe317e5a12"

dox@*:
  version "0.9.0"
  resolved "http://nexus-server-01.ol.epicgames.net:8081/nexus/content/groups/npm-all/dox/-/dox-0.9.0.tgz#be97b085cb9f4a0b7e80835d547e77b8687d0a0c"
  dependencies:
    commander "~2.9.0"
    jsdoctypeparser "^1.2.0"
    markdown-it "~7.0.0"

ecc-jsbn@~0.1.1:
  version "0.1.1"
  resolved "http://nexus-server-01.ol.epicgames.net:8081/nexus/content/groups/npm-all/ecc-jsbn/-/ecc-jsbn-0.1.1.tgz#0fc73a9ed5f0d53c38193398523ef7e543777505"
  dependencies:
    jsbn "~0.1.0"

engine.io-client@~3.1.0:
  version "3.1.6"
  resolved "http://nexus-server-01.ol.epicgames.net:8081/nexus/content/groups/npm-all/engine.io-client/-/engine.io-client-3.1.6.tgz#5bdeb130f8b94a50ac5cbeb72583e7a4a063ddfd"
  dependencies:
    component-emitter "1.2.1"
    component-inherit "0.0.3"
    debug "~3.1.0"
    engine.io-parser "~2.1.1"
    has-cors "1.1.0"
    indexof "0.0.1"
    parseqs "0.0.5"
    parseuri "0.0.5"
    ws "~3.3.1"
    xmlhttprequest-ssl "~1.5.4"
    yeast "0.1.2"

engine.io-parser@~2.1.0, engine.io-parser@~2.1.1:
  version "2.1.2"
  resolved "http://nexus-server-01.ol.epicgames.net:8081/nexus/content/groups/npm-all/engine.io-parser/-/engine.io-parser-2.1.2.tgz#4c0f4cff79aaeecbbdcfdea66a823c6085409196"
  dependencies:
    after "0.8.2"
    arraybuffer.slice "~0.0.7"
    base64-arraybuffer "0.1.5"
    blob "0.0.4"
    has-binary2 "~1.0.2"

engine.io@~3.1.0:
  version "3.1.5"
  resolved "http://nexus-server-01.ol.epicgames.net:8081/nexus/content/groups/npm-all/engine.io/-/engine.io-3.1.5.tgz#0e7ef9d690eb0b35597f1d4ad02a26ca2dba3845"
  dependencies:
    accepts "~1.3.4"
    base64id "1.0.0"
    cookie "0.3.1"
    debug "~3.1.0"
    engine.io-parser "~2.1.0"
    ws "~3.3.1"
  optionalDependencies:
    uws "~9.14.0"

entities@~1.1.1:
  version "1.1.1"
  resolved "http://nexus-server-01.ol.epicgames.net:8081/nexus/content/groups/npm-all/entities/-/entities-1.1.1.tgz#6e5c2d0a5621b5dadaecef80b90edfb5cd7772f0"

escape-string-regexp@1.0.5:
  version "1.0.5"
  resolved "http://nexus-server-01.ol.epicgames.net:8081/nexus/content/groups/npm-all/escape-string-regexp/-/escape-string-regexp-1.0.5.tgz#1b61c0562190a8dff6ae3bb2cf0200ca130b86d4"

esprima@^4.0.0:
  version "4.0.0"
  resolved "http://nexus-server-01.ol.epicgames.net:8081/nexus/content/groups/npm-all/esprima/-/esprima-4.0.0.tgz#4499eddcd1110e0b218bacf2fa7f7f59f55ca804"

eventemitter3@2.0.x:
  version "2.0.3"
  resolved "http://nexus-server-01.ol.epicgames.net:8081/nexus/content/groups/npm-all/eventemitter3/-/eventemitter3-2.0.3.tgz#b5e1079b59fb5e1ba2771c0a993be060a58c99ba"

expect.js@*:
  version "0.3.1"
  resolved "http://nexus-server-01.ol.epicgames.net:8081/nexus/content/groups/npm-all/expect.js/-/expect.js-0.3.1.tgz#b0a59a0d2eff5437544ebf0ceaa6015841d09b5b"

extend@~3.0.1:
  version "3.0.1"
  resolved "http://nexus-server-01.ol.epicgames.net:8081/nexus/content/groups/npm-all/extend/-/extend-3.0.1.tgz#a755ea7bc1adfcc5a31ce7e762dbaadc5e636444"

extsprintf@1.3.0:
  version "1.3.0"
  resolved "http://nexus-server-01.ol.epicgames.net:8081/nexus/content/groups/npm-all/extsprintf/-/extsprintf-1.3.0.tgz#96918440e3041a7a414f8c52e3c574eb3c3e1e05"

extsprintf@^1.2.0:
  version "1.4.0"
  resolved "http://nexus-server-01.ol.epicgames.net:8081/nexus/content/groups/npm-all/extsprintf/-/extsprintf-1.4.0.tgz#e2689f8f356fad62cca65a3a91c5df5f9551692f"

falafel@~1.2.0:
  version "1.2.0"
  resolved "http://nexus-server-01.ol.epicgames.net:8081/nexus/content/groups/npm-all/falafel/-/falafel-1.2.0.tgz#c18d24ef5091174a497f318cd24b026a25cddab4"
  dependencies:
    acorn "^1.0.3"
    foreach "^2.0.5"
    isarray "0.0.1"
    object-keys "^1.0.6"

fast-deep-equal@^1.0.0:
  version "1.1.0"
  resolved "http://nexus-server-01.ol.epicgames.net:8081/nexus/content/groups/npm-all/fast-deep-equal/-/fast-deep-equal-1.1.0.tgz#c053477817c86b51daa853c81e059b733d023614"

fast-json-stable-stringify@^2.0.0:
  version "2.0.0"
  resolved "http://nexus-server-01.ol.epicgames.net:8081/nexus/content/groups/npm-all/fast-json-stable-stringify/-/fast-json-stable-stringify-2.0.0.tgz#d5142c0caee6b1189f87d3a76111064f86c8bbf2"

foreach@^2.0.5:
  version "2.0.5"
  resolved "http://nexus-server-01.ol.epicgames.net:8081/nexus/content/groups/npm-all/foreach/-/foreach-2.0.5.tgz#0bee005018aeb260d0a3af3ae658dd0136ec1b99"

forever-agent@~0.6.1:
  version "0.6.1"
  resolved "http://nexus-server-01.ol.epicgames.net:8081/nexus/content/groups/npm-all/forever-agent/-/forever-agent-0.6.1.tgz#fbc71f0c41adeb37f96c577ad1ed42d8fdacca91"

form-data@~2.3.1:
  version "2.3.2"
  resolved "http://nexus-server-01.ol.epicgames.net:8081/nexus/content/groups/npm-all/form-data/-/form-data-2.3.2.tgz#4970498be604c20c005d4f5c23aecd21d6b49099"
  dependencies:
    asynckit "^0.4.0"
    combined-stream "1.0.6"
    mime-types "^2.1.12"

fs.realpath@^1.0.0:
  version "1.0.0"
  resolved "http://nexus-server-01.ol.epicgames.net:8081/nexus/content/groups/npm-all/fs.realpath/-/fs.realpath-1.0.0.tgz#1504ad2523158caa40db4a2787cb01411994ea4f"

getpass@^0.1.1:
  version "0.1.7"
  resolved "http://nexus-server-01.ol.epicgames.net:8081/nexus/content/groups/npm-all/getpass/-/getpass-0.1.7.tgz#5eff8e3e684d569ae4cb2b1282604e8ba62149fa"
  dependencies:
    assert-plus "^1.0.0"

glob@7.1.2:
  version "7.1.2"
  resolved "http://nexus-server-01.ol.epicgames.net:8081/nexus/content/groups/npm-all/glob/-/glob-7.1.2.tgz#c19c9df9a028702d678612384a6552404c636d15"
  dependencies:
    fs.realpath "^1.0.0"
    inflight "^1.0.4"
    inherits "2"
    minimatch "^3.0.4"
    once "^1.3.0"
    path-is-absolute "^1.0.0"

"graceful-readlink@>= 1.0.0":
  version "1.0.1"
  resolved "http://nexus-server-01.ol.epicgames.net:8081/nexus/content/groups/npm-all/graceful-readlink/-/graceful-readlink-1.0.1.tgz#4cafad76bc62f02fa039b2f94e9a3dd3a391a725"

growl@1.10.3:
  version "1.10.3"
  resolved "http://nexus-server-01.ol.epicgames.net:8081/nexus/content/groups/npm-all/growl/-/growl-1.10.3.tgz#1926ba90cf3edfe2adb4927f5880bc22c66c790f"

har-schema@^2.0.0:
  version "2.0.0"
  resolved "http://nexus-server-01.ol.epicgames.net:8081/nexus/content/groups/npm-all/har-schema/-/har-schema-2.0.0.tgz#a94c2224ebcac04782a0d9035521f24735b7ec92"

har-validator@~5.0.3:
  version "5.0.3"
  resolved "http://nexus-server-01.ol.epicgames.net:8081/nexus/content/groups/npm-all/har-validator/-/har-validator-5.0.3.tgz#ba402c266194f15956ef15e0fcf242993f6a7dfd"
  dependencies:
    ajv "^5.1.0"
    har-schema "^2.0.0"

has-binary2@~1.0.2:
  version "1.0.2"
  resolved "http://nexus-server-01.ol.epicgames.net:8081/nexus/content/groups/npm-all/has-binary2/-/has-binary2-1.0.2.tgz#e83dba49f0b9be4d026d27365350d9f03f54be98"
  dependencies:
    isarray "2.0.1"

has-cors@1.1.0:
  version "1.1.0"
  resolved "http://nexus-server-01.ol.epicgames.net:8081/nexus/content/groups/npm-all/has-cors/-/has-cors-1.1.0.tgz#5e474793f7ea9843d1bb99c23eef49ff126fff39"

has-flag@^2.0.0:
  version "2.0.0"
  resolved "http://nexus-server-01.ol.epicgames.net:8081/nexus/content/groups/npm-all/has-flag/-/has-flag-2.0.0.tgz#e8207af1cc7b30d446cc70b734b5e8be18f88d51"

hawk@~6.0.2:
  version "6.0.2"
  resolved "http://nexus-server-01.ol.epicgames.net:8081/nexus/content/groups/npm-all/hawk/-/hawk-6.0.2.tgz#af4d914eb065f9b5ce4d9d11c1cb2126eecc3038"
  dependencies:
    boom "4.x.x"
    cryptiles "3.x.x"
    hoek "4.x.x"
    sntp "2.x.x"

he@1.1.1:
  version "1.1.1"
  resolved "http://nexus-server-01.ol.epicgames.net:8081/nexus/content/groups/npm-all/he/-/he-1.1.1.tgz#93410fd21b009735151f8868c2f271f3427e23fd"

hoek@4.x.x:
  version "4.2.1"
  resolved "http://nexus-server-01.ol.epicgames.net:8081/nexus/content/groups/npm-all/hoek/-/hoek-4.2.1.tgz#9634502aa12c445dd5a7c5734b572bb8738aacbb"

http-signature@~1.2.0:
  version "1.2.0"
  resolved "http://nexus-server-01.ol.epicgames.net:8081/nexus/content/groups/npm-all/http-signature/-/http-signature-1.2.0.tgz#9aecd925114772f3d95b65a60abb8f7c18fbace1"
  dependencies:
    assert-plus "^1.0.0"
    jsprim "^1.2.2"
    sshpk "^1.7.0"

indexof@0.0.1:
  version "0.0.1"
  resolved "http://nexus-server-01.ol.epicgames.net:8081/nexus/content/groups/npm-all/indexof/-/indexof-0.0.1.tgz#82dc336d232b9062179d05ab3293a66059fd435d"

inflight@^1.0.4:
  version "1.0.6"
  resolved "http://nexus-server-01.ol.epicgames.net:8081/nexus/content/groups/npm-all/inflight/-/inflight-1.0.6.tgz#49bd6331d7d02d0c09bc910a1075ba8165b56df9"
  dependencies:
    once "^1.3.0"
    wrappy "1"

inherits@2:
  version "2.0.3"
  resolved "http://nexus-server-01.ol.epicgames.net:8081/nexus/content/groups/npm-all/inherits/-/inherits-2.0.3.tgz#633c2c83e3da42a502f52466022480f4208261de"

is-typedarray@~1.0.0:
  version "1.0.0"
  resolved "http://nexus-server-01.ol.epicgames.net:8081/nexus/content/groups/npm-all/is-typedarray/-/is-typedarray-1.0.0.tgz#e479c80858df0c1b11ddda6940f96011fcda4a9a"

isarray@0.0.1:
  version "0.0.1"
  resolved "http://nexus-server-01.ol.epicgames.net:8081/nexus/content/groups/npm-all/isarray/-/isarray-0.0.1.tgz#8a18acfca9a8f4177e09abfc6038939b05d1eedf"

isarray@2.0.1:
  version "2.0.1"
  resolved "http://nexus-server-01.ol.epicgames.net:8081/nexus/content/groups/npm-all/isarray/-/isarray-2.0.1.tgz#a37d94ed9cda2d59865c9f76fe596ee1f338741e"

isstream@~0.1.2:
  version "0.1.2"
  resolved "http://nexus-server-01.ol.epicgames.net:8081/nexus/content/groups/npm-all/isstream/-/isstream-0.1.2.tgz#47e63f7af55afa6f92e1500e690eb8b8529c099a"

js-yaml@^3.6.1:
  version "3.11.0"
  resolved "http://nexus-server-01.ol.epicgames.net:8081/nexus/content/groups/npm-all/js-yaml/-/js-yaml-3.11.0.tgz#597c1a8bd57152f26d622ce4117851a51f5ebaef"
  dependencies:
    argparse "^1.0.7"
    esprima "^4.0.0"

jsbn@~0.1.0:
  version "0.1.1"
  resolved "http://nexus-server-01.ol.epicgames.net:8081/nexus/content/groups/npm-all/jsbn/-/jsbn-0.1.1.tgz#a5e654c2e5a2deb5f201d96cefbca80c0ef2f513"

jsdoctypeparser@^1.2.0:
  version "1.2.0"
  resolved "http://nexus-server-01.ol.epicgames.net:8081/nexus/content/groups/npm-all/jsdoctypeparser/-/jsdoctypeparser-1.2.0.tgz#e7dedc153a11849ffc5141144ae86a7ef0c25392"
  dependencies:
    lodash "^3.7.0"

json-schema-traverse@^0.3.0:
  version "0.3.1"
  resolved "http://nexus-server-01.ol.epicgames.net:8081/nexus/content/groups/npm-all/json-schema-traverse/-/json-schema-traverse-0.3.1.tgz#349a6d44c53a51de89b40805c5d5e59b417d3340"

json-schema@0.2.3:
  version "0.2.3"
  resolved "http://nexus-server-01.ol.epicgames.net:8081/nexus/content/groups/npm-all/json-schema/-/json-schema-0.2.3.tgz#b480c892e59a2f05954ce727bd3f2a4e882f9e13"

json-stringify-safe@~5.0.1:
  version "5.0.1"
  resolved "http://nexus-server-01.ol.epicgames.net:8081/nexus/content/groups/npm-all/json-stringify-safe/-/json-stringify-safe-5.0.1.tgz#1296a2d58fd45f19a0f6ce01d65701e2c735b6eb"

jsprim@^1.2.2:
  version "1.4.1"
  resolved "http://nexus-server-01.ol.epicgames.net:8081/nexus/content/groups/npm-all/jsprim/-/jsprim-1.4.1.tgz#313e66bc1e5cc06e438bc1b7499c2e5c56acb6a2"
  dependencies:
    assert-plus "1.0.0"
    extsprintf "1.3.0"
    json-schema "0.2.3"
    verror "1.10.0"

lcov-parse@^0.0.10:
  version "0.0.10"
  resolved "http://nexus-server-01.ol.epicgames.net:8081/nexus/content/groups/npm-all/lcov-parse/-/lcov-parse-0.0.10.tgz#1b0b8ff9ac9c7889250582b70b71315d9da6d9a3"

linkify-it@^2.0.0:
  version "2.0.3"
  resolved "http://nexus-server-01.ol.epicgames.net:8081/nexus/content/groups/npm-all/linkify-it/-/linkify-it-2.0.3.tgz#d94a4648f9b1c179d64fa97291268bdb6ce9434f"
  dependencies:
    uc.micro "^1.0.1"

lodash@^3.7.0:
  version "3.10.1"
  resolved "http://nexus-server-01.ol.epicgames.net:8081/nexus/content/groups/npm-all/lodash/-/lodash-3.10.1.tgz#5bf45e8e49ba4189e17d482789dfd15bd140b7b6"

lodash@^4.14.0:
  version "4.17.5"
  resolved "http://nexus-server-01.ol.epicgames.net:8081/nexus/content/groups/npm-all/lodash/-/lodash-4.17.5.tgz#99a92d65c0272debe8c96b6057bc8fbfa3bed511"

log-driver@^1.2.5:
  version "1.2.7"
  resolved "http://nexus-server-01.ol.epicgames.net:8081/nexus/content/groups/npm-all/log-driver/-/log-driver-1.2.7.tgz#63b95021f0702fedfa2c9bb0a24e7797d71871d8"

markdown-it@~7.0.0:
  version "7.0.1"
  resolved "http://nexus-server-01.ol.epicgames.net:8081/nexus/content/groups/npm-all/markdown-it/-/markdown-it-7.0.1.tgz#f12d8b88a93e64254348dfd183bd70bf60567a42"
  dependencies:
    argparse "^1.0.7"
    entities "~1.1.1"
    linkify-it "^2.0.0"
    mdurl "^1.0.1"
    uc.micro "^1.0.1"

mdurl@^1.0.1:
  version "1.0.1"
  resolved "http://nexus-server-01.ol.epicgames.net:8081/nexus/content/groups/npm-all/mdurl/-/mdurl-1.0.1.tgz#fe85b2ec75a59037f2adfec100fd6c601761152e"

mime-db@~1.33.0:
  version "1.33.0"
  resolved "http://nexus-server-01.ol.epicgames.net:8081/nexus/content/groups/npm-all/mime-db/-/mime-db-1.33.0.tgz#a3492050a5cb9b63450541e39d9788d2272783db"

mime-types@^2.1.12, mime-types@~2.1.17, mime-types@~2.1.18:
  version "2.1.18"
  resolved "http://nexus-server-01.ol.epicgames.net:8081/nexus/content/groups/npm-all/mime-types/-/mime-types-2.1.18.tgz#6f323f60a83d11146f831ff11fd66e2fe5503bb8"
  dependencies:
    mime-db "~1.33.0"

minimatch@^3.0.4:
  version "3.0.4"
  resolved "http://nexus-server-01.ol.epicgames.net:8081/nexus/content/groups/npm-all/minimatch/-/minimatch-3.0.4.tgz#5166e286457f03306064be5497e8dbb0c3d32083"
  dependencies:
    brace-expansion "^1.1.7"

minimist@0.0.8:
  version "0.0.8"
  resolved "http://nexus-server-01.ol.epicgames.net:8081/nexus/content/groups/npm-all/minimist/-/minimist-0.0.8.tgz#857fcabfc3397d2625b8228262e86aa7a011b05d"

minimist@^1.2.0:
  version "1.2.0"
  resolved "http://nexus-server-01.ol.epicgames.net:8081/nexus/content/groups/npm-all/minimist/-/minimist-1.2.0.tgz#a35008b20f41383eec1fb914f4cd5df79a264284"

mkdirp@0.5.1:
  version "0.5.1"
  resolved "http://nexus-server-01.ol.epicgames.net:8081/nexus/content/groups/npm-all/mkdirp/-/mkdirp-0.5.1.tgz#30057438eac6cf7f8c4767f38648d6697d75c903"
  dependencies:
    minimist "0.0.8"

mocha-lcov-reporter@*:
  version "1.3.0"
  resolved "http://nexus-server-01.ol.epicgames.net:8081/nexus/content/groups/npm-all/mocha-lcov-reporter/-/mocha-lcov-reporter-1.3.0.tgz#469bdef4f8afc9a116056f079df6182d0afb0384"

mocha@*:
  version "5.0.4"
  resolved "http://nexus-server-01.ol.epicgames.net:8081/nexus/content/groups/npm-all/mocha/-/mocha-5.0.4.tgz#6b7aa328472da1088e69d47e75925fd3a3bb63c6"
  dependencies:
    browser-stdout "1.3.1"
    commander "2.11.0"
    debug "3.1.0"
    diff "3.5.0"
    escape-string-regexp "1.0.5"
    glob "7.1.2"
    growl "1.10.3"
    he "1.1.1"
    mkdirp "0.5.1"
    supports-color "4.4.0"

ms@2.0.0:
  version "2.0.0"
  resolved "http://nexus-server-01.ol.epicgames.net:8081/nexus/content/groups/npm-all/ms/-/ms-2.0.0.tgz#5608aeadfc00be6c2901df5f9861788de0d597c8"

nan@^2.0.5:
  version "2.9.2"
  resolved "http://nexus-server-01.ol.epicgames.net:8081/nexus/content/groups/npm-all/nan/-/nan-2.9.2.tgz#f564d75f5f8f36a6d9456cca7a6c4fe488ab7866"

nan@~2.4.0:
  version "2.4.0"
  resolved "http://nexus-server-01.ol.epicgames.net:8081/nexus/content/groups/npm-all/nan/-/nan-2.4.0.tgz#fb3c59d45fe4effe215f0b890f8adf6eb32d2232"

negotiator@0.6.1:
  version "0.6.1"
  resolved "http://nexus-server-01.ol.epicgames.net:8081/nexus/content/groups/npm-all/negotiator/-/negotiator-0.6.1.tgz#2b327184e8992101177b28563fb5e7102acd0ca9"

oauth-sign@~0.8.2:
  version "0.8.2"
  resolved "http://nexus-server-01.ol.epicgames.net:8081/nexus/content/groups/npm-all/oauth-sign/-/oauth-sign-0.8.2.tgz#46a6ab7f0aead8deae9ec0565780b7d4efeb9d43"

object-component@0.0.3:
  version "0.0.3"
  resolved "http://nexus-server-01.ol.epicgames.net:8081/nexus/content/groups/npm-all/object-component/-/object-component-0.0.3.tgz#f0c69aa50efc95b866c186f400a33769cb2f1291"

object-keys@^1.0.6:
  version "1.0.11"
  resolved "http://nexus-server-01.ol.epicgames.net:8081/nexus/content/groups/npm-all/object-keys/-/object-keys-1.0.11.tgz#c54601778ad560f1142ce0e01bcca8b56d13426d"

once@^1.3.0:
  version "1.4.0"
  resolved "http://nexus-server-01.ol.epicgames.net:8081/nexus/content/groups/npm-all/once/-/once-1.4.0.tgz#583b1aa775961d4b113ac17d9c50baef9dd76bd1"
  dependencies:
    wrappy "1"

options@>=0.0.5, options@latest:
  version "0.0.6"
  resolved "http://nexus-server-01.ol.epicgames.net:8081/nexus/content/groups/npm-all/options/-/options-0.0.6.tgz#ec22d312806bb53e731773e7cdaefcf1c643128f"

parseqs@0.0.5:
  version "0.0.5"
  resolved "http://nexus-server-01.ol.epicgames.net:8081/nexus/content/groups/npm-all/parseqs/-/parseqs-0.0.5.tgz#d5208a3738e46766e291ba2ea173684921a8b89d"
  dependencies:
    better-assert "~1.0.0"

parseuri@0.0.5:
  version "0.0.5"
  resolved "http://nexus-server-01.ol.epicgames.net:8081/nexus/content/groups/npm-all/parseuri/-/parseuri-0.0.5.tgz#80204a50d4dbb779bfdc6ebe2778d90e4bce320a"
  dependencies:
    better-assert "~1.0.0"

path-is-absolute@^1.0.0:
  version "1.0.1"
  resolved "http://nexus-server-01.ol.epicgames.net:8081/nexus/content/groups/npm-all/path-is-absolute/-/path-is-absolute-1.0.1.tgz#174b9268735534ffbc7ace6bf53a5a9e1b5c5f5f"

performance-now@^2.1.0:
  version "2.1.0"
  resolved "http://nexus-server-01.ol.epicgames.net:8081/nexus/content/groups/npm-all/performance-now/-/performance-now-2.1.0.tgz#6309f4e0e5fa913ec1c69307ae364b4b377c9e7b"

punycode@^1.4.1:
  version "1.4.1"
  resolved "http://nexus-server-01.ol.epicgames.net:8081/nexus/content/groups/npm-all/punycode/-/punycode-1.4.1.tgz#c0d5a63b2718800ad8e1eb0fa5269c84dd41845e"

qs@~6.5.1:
  version "6.5.1"
  resolved "http://nexus-server-01.ol.epicgames.net:8081/nexus/content/groups/npm-all/qs/-/qs-6.5.1.tgz#349cdf6eef89ec45c12d7d5eb3fc0c870343a6d8"

request@^2.79.0:
  version "2.83.0"
  resolved "http://nexus-server-01.ol.epicgames.net:8081/nexus/content/groups/npm-all/request/-/request-2.83.0.tgz#ca0b65da02ed62935887808e6f510381034e3356"
  dependencies:
    aws-sign2 "~0.7.0"
    aws4 "^1.6.0"
    caseless "~0.12.0"
    combined-stream "~1.0.5"
    extend "~3.0.1"
    forever-agent "~0.6.1"
    form-data "~2.3.1"
    har-validator "~5.0.3"
    hawk "~6.0.2"
    http-signature "~1.2.0"
    is-typedarray "~1.0.0"
    isstream "~0.1.2"
    json-stringify-safe "~5.0.1"
    mime-types "~2.1.17"
    oauth-sign "~0.8.2"
    performance-now "^2.1.0"
    qs "~6.5.1"
    safe-buffer "^5.1.1"
    stringstream "~0.0.5"
    tough-cookie "~2.3.3"
    tunnel-agent "^0.6.0"
    uuid "^3.1.0"

requires-port@1.x.x:
  version "1.0.0"
  resolved "http://nexus-server-01.ol.epicgames.net:8081/nexus/content/groups/npm-all/requires-port/-/requires-port-1.0.0.tgz#925d2601d39ac485e091cf0da5c6e694dc3dcaff"

safe-buffer@^5.0.1, safe-buffer@^5.1.1, safe-buffer@~5.1.0:
  version "5.1.1"
  resolved "http://nexus-server-01.ol.epicgames.net:8081/nexus/content/groups/npm-all/safe-buffer/-/safe-buffer-5.1.1.tgz#893312af69b2123def71f57889001671eeb2c853"

semver@^5.0.3:
  version "5.5.0"
  resolved "http://nexus-server-01.ol.epicgames.net:8081/nexus/content/groups/npm-all/semver/-/semver-5.5.0.tgz#dc4bbc7a6ca9d916dee5d43516f0092b58f7b8ab"

sntp@2.x.x:
  version "2.1.0"
  resolved "http://nexus-server-01.ol.epicgames.net:8081/nexus/content/groups/npm-all/sntp/-/sntp-2.1.0.tgz#2c6cec14fedc2222739caf9b5c3d85d1cc5a2cc8"
  dependencies:
    hoek "4.x.x"

socket.io-adapter@~1.1.0:
  version "1.1.1"
  resolved "http://nexus-server-01.ol.epicgames.net:8081/nexus/content/groups/npm-all/socket.io-adapter/-/socket.io-adapter-1.1.1.tgz#2a805e8a14d6372124dd9159ad4502f8cb07f06b"

socket.io-client@*, socket.io-client@2.0.4:
  version "2.0.4"
  resolved "http://nexus-server-01.ol.epicgames.net:8081/nexus/content/groups/npm-all/socket.io-client/-/socket.io-client-2.0.4.tgz#0918a552406dc5e540b380dcd97afc4a64332f8e"
  dependencies:
    backo2 "1.0.2"
    base64-arraybuffer "0.1.5"
    component-bind "1.0.0"
    component-emitter "1.2.1"
    debug "~2.6.4"
    engine.io-client "~3.1.0"
    has-cors "1.1.0"
    indexof "0.0.1"
    object-component "0.0.3"
    parseqs "0.0.5"
    parseuri "0.0.5"
    socket.io-parser "~3.1.1"
    to-array "0.1.4"

socket.io-parser@~3.1.1:
  version "3.1.3"
  resolved "http://nexus-server-01.ol.epicgames.net:8081/nexus/content/groups/npm-all/socket.io-parser/-/socket.io-parser-3.1.3.tgz#ed2da5ee79f10955036e3da413bfd7f1e4d86c8e"
  dependencies:
    component-emitter "1.2.1"
    debug "~3.1.0"
    has-binary2 "~1.0.2"
    isarray "2.0.1"

socket.io@*:
  version "2.0.4"
  resolved "http://nexus-server-01.ol.epicgames.net:8081/nexus/content/groups/npm-all/socket.io/-/socket.io-2.0.4.tgz#c1a4590ceff87ecf13c72652f046f716b29e6014"
  dependencies:
    debug "~2.6.6"
    engine.io "~3.1.0"
    socket.io-adapter "~1.1.0"
    socket.io-client "2.0.4"
    socket.io-parser "~3.1.1"

sprintf-js@~1.0.2:
  version "1.0.3"
  resolved "http://nexus-server-01.ol.epicgames.net:8081/nexus/content/groups/npm-all/sprintf-js/-/sprintf-js-1.0.3.tgz#04e6926f662895354f3dd015203633b857297e2c"

sse@0.0.6:
  version "0.0.6"
  resolved "http://nexus-server-01.ol.epicgames.net:8081/nexus/content/groups/npm-all/sse/-/sse-0.0.6.tgz#3192461dfa38c78424dd9bf8ea025619a125aa10"
  dependencies:
    options latest

sshpk@^1.7.0:
  version "1.13.1"
  resolved "http://nexus-server-01.ol.epicgames.net:8081/nexus/content/groups/npm-all/sshpk/-/sshpk-1.13.1.tgz#512df6da6287144316dc4c18fe1cf1d940739be3"
  dependencies:
    asn1 "~0.2.3"
    assert-plus "^1.0.0"
    dashdash "^1.12.0"
    getpass "^0.1.1"
  optionalDependencies:
    bcrypt-pbkdf "^1.0.0"
    ecc-jsbn "~0.1.1"
    jsbn "~0.1.0"
    tweetnacl "~0.14.0"

stringstream@~0.0.5:
  version "0.0.5"
  resolved "http://nexus-server-01.ol.epicgames.net:8081/nexus/content/groups/npm-all/stringstream/-/stringstream-0.0.5.tgz#4e484cd4de5a0bbbee18e46307710a8a81621878"

supports-color@4.4.0:
  version "4.4.0"
  resolved "http://nexus-server-01.ol.epicgames.net:8081/nexus/content/groups/npm-all/supports-color/-/supports-color-4.4.0.tgz#883f7ddabc165142b2a61427f3352ded195d1a3e"
  dependencies:
    has-flag "^2.0.0"

to-array@0.1.4:
  version "0.1.4"
  resolved "http://nexus-server-01.ol.epicgames.net:8081/nexus/content/groups/npm-all/to-array/-/to-array-0.1.4.tgz#17e6c11f73dd4f3d74cda7a4ff3238e9ad9bf890"

tough-cookie@~2.3.3:
  version "2.3.4"
  resolved "http://nexus-server-01.ol.epicgames.net:8081/nexus/content/groups/npm-all/tough-cookie/-/tough-cookie-2.3.4.tgz#ec60cee38ac675063ffc97a5c18970578ee83655"
  dependencies:
    punycode "^1.4.1"

tunnel-agent@^0.6.0:
  version "0.6.0"
  resolved "http://nexus-server-01.ol.epicgames.net:8081/nexus/content/groups/npm-all/tunnel-agent/-/tunnel-agent-0.6.0.tgz#27a5dea06b36b04a0a9966774b290868f0fc40fd"
  dependencies:
    safe-buffer "^5.0.1"

tweetnacl@^0.14.3, tweetnacl@~0.14.0:
  version "0.14.5"
  resolved "http://nexus-server-01.ol.epicgames.net:8081/nexus/content/groups/npm-all/tweetnacl/-/tweetnacl-0.14.5.tgz#5ae68177f192d4456269d108afa93ff8743f4f64"

uc.micro@^1.0.1:
  version "1.0.5"
  resolved "http://nexus-server-01.ol.epicgames.net:8081/nexus/content/groups/npm-all/uc.micro/-/uc.micro-1.0.5.tgz#0c65f15f815aa08b560a61ce8b4db7ffc3f45376"

ultron@1.0.x:
  version "1.0.2"
  resolved "http://nexus-server-01.ol.epicgames.net:8081/nexus/content/groups/npm-all/ultron/-/ultron-1.0.2.tgz#ace116ab557cd197386a4e88f4685378c8b2e4fa"

ultron@~1.1.0:
  version "1.1.1"
  resolved "http://nexus-server-01.ol.epicgames.net:8081/nexus/content/groups/npm-all/ultron/-/ultron-1.1.1.tgz#9fe1536a10a664a65266a1e3ccf85fd36302bc9c"

utf-8-validate@1.2.x:
  version "1.2.2"
  resolved "http://nexus-server-01.ol.epicgames.net:8081/nexus/content/groups/npm-all/utf-8-validate/-/utf-8-validate-1.2.2.tgz#8bb871a4741e085c70487ca7acdbd7d6d36029eb"
  dependencies:
    bindings "~1.2.1"
    nan "~2.4.0"

uuid@^3.1.0:
  version "3.2.1"
  resolved "http://nexus-server-01.ol.epicgames.net:8081/nexus/content/groups/npm-all/uuid/-/uuid-3.2.1.tgz#12c528bb9d58d0b9265d9a2f6f0fe8be17ff1f14"

uws@~9.14.0:
  version "9.14.0"
  resolved "http://nexus-server-01.ol.epicgames.net:8081/nexus/content/groups/npm-all/uws/-/uws-9.14.0.tgz#fac8386befc33a7a3705cbd58dc47b430ca4dd95"

verror@1.10.0:
  version "1.10.0"
  resolved "http://nexus-server-01.ol.epicgames.net:8081/nexus/content/groups/npm-all/verror/-/verror-1.10.0.tgz#3a105ca17053af55d6e270c1f8288682e18da400"
  dependencies:
    assert-plus "^1.0.0"
    core-util-is "1.0.2"
    extsprintf "^1.2.0"

wrappy@1:
  version "1.0.2"
  resolved "http://nexus-server-01.ol.epicgames.net:8081/nexus/content/groups/npm-all/wrappy/-/wrappy-1.0.2.tgz#b5243d8f3ec1aa35f1364605bc0d1036e30ab69f"

ws@^0.8.0:
  version "0.8.1"
  resolved "http://nexus-server-01.ol.epicgames.net:8081/nexus/content/groups/npm-all/ws/-/ws-0.8.1.tgz#6b65273b99193c5f067a4cf5809598f777e3b759"
  dependencies:
    options ">=0.0.5"
    ultron "1.0.x"
  optionalDependencies:
    bufferutil "1.2.x"
    utf-8-validate "1.2.x"

ws@~3.3.1:
  version "3.3.3"
  resolved "http://nexus-server-01.ol.epicgames.net:8081/nexus/content/groups/npm-all/ws/-/ws-3.3.3.tgz#f1cf84fe2d5e901ebce94efaece785f187a228f2"
  dependencies:
    async-limiter "~1.0.0"
    safe-buffer "~5.1.0"
    ultron "~1.1.0"

xmlhttprequest-ssl@~1.5.4:
  version "1.5.5"
  resolved "http://nexus-server-01.ol.epicgames.net:8081/nexus/content/groups/npm-all/xmlhttprequest-ssl/-/xmlhttprequest-ssl-1.5.5.tgz#c2876b06168aadc40e57d97e81191ac8f4398b3e"

xtend@~4.0.0:
  version "4.0.1"
  resolved "http://nexus-server-01.ol.epicgames.net:8081/nexus/content/groups/npm-all/xtend/-/xtend-4.0.1.tgz#a5c6d532be656e23db820efb943a1f04998d63af"

yeast@0.1.2:
  version "0.1.2"
  resolved "http://nexus-server-01.ol.epicgames.net:8081/nexus/content/groups/npm-all/yeast/-/yeast-0.1.2.tgz#008e06d8094320c372dbc2f8ed76a0ca6c8ac419"
